{
    "_readme": [
        "This file locks the dependencies of your project to a known state",
        "Read more about it at https://getcomposer.org/doc/01-basic-usage.md#composer-lock-the-lock-file",
        "This file is @generated automatically"
    ],
    "hash": "b42cbe142c4a55fb10c8ccb811d313f4",
    "content-hash": "f26e75a583595e8651f572c93d198aab",
    "packages": [
        {
            "name": "z38/metzli",
            "version": "v1.0.1",
            "source": {
                "type": "git",
                "url": "https://github.com/z38/metzli.git",
                "reference": "ac10904f774bcc9fbe85e4bfc21ff2b4af147f63"
            },
            "dist": {
                "type": "zip",
                "url": "https://api.github.com/repos/z38/metzli/zipball/ac10904f774bcc9fbe85e4bfc21ff2b4af147f63",
                "reference": "ac10904f774bcc9fbe85e4bfc21ff2b4af147f63",
                "shasum": ""
            },
            "require": {
                "php": ">=5.3.0"
            },
            "require-dev": {
                "phpunit/phpunit": "~4.4"
            },
            "type": "library",
            "autoload": {
                "psr-0": {
                    "Metzli": "src/"
                }
            },
            "notification-url": "https://packagist.org/downloads/",
            "license": [
                "Apache-2.0"
            ],
            "authors": [
                {
                    "name": "z38",
                    "homepage": "https://github.com/z38",
                    "role": "Developer"
                }
            ],
            "description": "PHP library to generate Aztec barcodes",
            "homepage": "https://github.com/z38/metzli",
            "keywords": [
                "2d-barcode",
                "aztec",
                "barcode",
                "library"
            ],
            "time": "2015-09-06 14:03:02"
        }
    ],
    "packages-dev": [],
    "aliases": [],
    "minimum-stability": "stable",
    "stability-flags": [],
    "prefer-stable": false,
    "prefer-lowest": false,
    "platform": [],
    "platform-dev": []
}
